
Microsoft Visual Studio Solution File, Format Version 12.00
# Visual Studio 14
VisualStudioVersion = 14.0.23107.0
MinimumVisualStudioVersion = 10.0.40219.1
Project("{2150E333-8FDC-42A3-9474-1A3956D46DE8}") = "build", "build", "{72F321D6-D3B9-4A50-8B17-987C545FE97D}"
	ProjectSection(SolutionItems) = preProject
		build\build.cmd = build\build.cmd
	EndProjectSection
EndProject
Project("{2150E333-8FDC-42A3-9474-1A3956D46DE8}") = "samples", "samples", "{56E8324B-E1D1-4186-8A48-ACBE11DDCFFF}"
EndProject
Project("{2150E333-8FDC-42A3-9474-1A3956D46DE8}") = "NuGet", "NuGet", "{84052DC5-CEC8-4CD9-A377-A4E3491C670E}"
	ProjectSection(SolutionItems) = preProject
		NuGet\make_nuget_package.ps1 = NuGet\make_nuget_package.ps1
		NuGet\Microsoft.Azure.Devices.Client.nuspec = NuGet\Microsoft.Azure.Devices.Client.nuspec
	EndProjectSection
EndProject
Project("{FAE04EC0-301F-11D3-BF4B-00C04F79EFBC}") = "Microsoft.Azure.Devices.Client.Http.SIM800.NetMF_44", "Microsoft.Azure.Devices.Client.NetMF\HttpClient_44\Microsoft.Azure.Devices.Client.Http.SIM800.NetMF_44.csproj", "{D393EB06-E009-4B3F-91D0-92AADA1C1189}"
EndProject
Project("{FAE04EC0-301F-11D3-BF4B-00C04F79EFBC}") = "NuGet.Packager.HttpClient.SIM800", "Microsoft.Azure.Devices.Client.NetMF\NuGet.Packager.HttpClient.SIM800\NuGet.Packager.HttpClient.SIM800.csproj", "{0451BAEF-DF2E-4B98-8644-94EE9415E389}"
	ProjectSection(ProjectDependencies) = postProject
		{D393EB06-E009-4B3F-91D0-92AADA1C1189} = {D393EB06-E009-4B3F-91D0-92AADA1C1189}
		{8FEFE05D-37EF-4F61-925D-8806DA7A0E22} = {8FEFE05D-37EF-4F61-925D-8806DA7A0E22}
	EndProjectSection
EndProject
Project("{FAE04EC0-301F-11D3-BF4B-00C04F79EFBC}") = "Microsoft.Azure.Devices.Client.Http.SIM800.NetMF_43", "Microsoft.Azure.Devices.Client.NetMF\HttpClient_43\Microsoft.Azure.Devices.Client.Http.SIM800.NetMF_43.csproj", "{8FEFE05D-37EF-4F61-925D-8806DA7A0E22}"
EndProject
Project("{FAE04EC0-301F-11D3-BF4B-00C04F79EFBC}") = "MFDeviceClientHttp.SIM800.Sample_44", "samples\MFDeviceClientHttpSIM800HSample_44\MFDeviceClientHttp.SIM800.Sample_44.csproj", "{FB527B62-138C-4689-A0BE-CEA0D008E03B}"
EndProject
Project("{FAE04EC0-301F-11D3-BF4B-00C04F79EFBC}") = "MFDeviceClientHttp.SIM800.Sample_43", "samples\MFDeviceClientHttpSIM800HSample_43\MFDeviceClientHttp.SIM800.Sample_43.csproj", "{11FDD187-B19C-405F-8488-77ECC5C718E2}"
EndProject
Global
	GlobalSection(SolutionConfigurationPlatforms) = preSolution
		Debug|Any CPU = Debug|Any CPU
		Debug|ARM = Debug|ARM
		Debug|x64 = Debug|x64
		Debug|x86 = Debug|x86
		Release|Any CPU = Release|Any CPU
		Release|ARM = Release|ARM
		Release|x64 = Release|x64
		Release|x86 = Release|x86
	EndGlobalSection
	GlobalSection(ProjectConfigurationPlatforms) = postSolution
		{D393EB06-E009-4B3F-91D0-92AADA1C1189}.Debug|Any CPU.ActiveCfg = Debug|Any CPU
		{D393EB06-E009-4B3F-91D0-92AADA1C1189}.Debug|Any CPU.Build.0 = Debug|Any CPU
		{D393EB06-E009-4B3F-91D0-92AADA1C1189}.Debug|ARM.ActiveCfg = Debug|Any CPU
		{D393EB06-E009-4B3F-91D0-92AADA1C1189}.Debug|ARM.Build.0 = Debug|Any CPU
		{D393EB06-E009-4B3F-91D0-92AADA1C1189}.Debug|x64.ActiveCfg = Debug|Any CPU
		{D393EB06-E009-4B3F-91D0-92AADA1C1189}.Debug|x64.Build.0 = Debug|Any CPU
		{D393EB06-E009-4B3F-91D0-92AADA1C1189}.Debug|x86.ActiveCfg = Debug|Any CPU
		{D393EB06-E009-4B3F-91D0-92AADA1C1189}.Debug|x86.Build.0 = Debug|Any CPU
		{D393EB06-E009-4B3F-91D0-92AADA1C1189}.Release|Any CPU.ActiveCfg = Release|Any CPU
		{D393EB06-E009-4B3F-91D0-92AADA1C1189}.Release|Any CPU.Build.0 = Release|Any CPU
		{D393EB06-E009-4B3F-91D0-92AADA1C1189}.Release|ARM.ActiveCfg = Release|Any CPU
		{D393EB06-E009-4B3F-91D0-92AADA1C1189}.Release|ARM.Build.0 = Release|Any CPU
		{D393EB06-E009-4B3F-91D0-92AADA1C1189}.Release|x64.ActiveCfg = Release|Any CPU
		{D393EB06-E009-4B3F-91D0-92AADA1C1189}.Release|x64.Build.0 = Release|Any CPU
		{D393EB06-E009-4B3F-91D0-92AADA1C1189}.Release|x86.ActiveCfg = Release|Any CPU
		{D393EB06-E009-4B3F-91D0-92AADA1C1189}.Release|x86.Build.0 = Release|Any CPU
		{0451BAEF-DF2E-4B98-8644-94EE9415E389}.Debug|Any CPU.ActiveCfg = Debug|Any CPU
		{0451BAEF-DF2E-4B98-8644-94EE9415E389}.Debug|Any CPU.Build.0 = Debug|Any CPU
		{0451BAEF-DF2E-4B98-8644-94EE9415E389}.Debug|ARM.ActiveCfg = Debug|Any CPU
		{0451BAEF-DF2E-4B98-8644-94EE9415E389}.Debug|ARM.Build.0 = Debug|Any CPU
		{0451BAEF-DF2E-4B98-8644-94EE9415E389}.Debug|x64.ActiveCfg = Debug|Any CPU
		{0451BAEF-DF2E-4B98-8644-94EE9415E389}.Debug|x64.Build.0 = Debug|Any CPU
		{0451BAEF-DF2E-4B98-8644-94EE9415E389}.Debug|x86.ActiveCfg = Debug|Any CPU
		{0451BAEF-DF2E-4B98-8644-94EE9415E389}.Debug|x86.Build.0 = Debug|Any CPU
		{0451BAEF-DF2E-4B98-8644-94EE9415E389}.Release|Any CPU.ActiveCfg = Release|Any CPU
		{0451BAEF-DF2E-4B98-8644-94EE9415E389}.Release|Any CPU.Build.0 = Release|Any CPU
		{0451BAEF-DF2E-4B98-8644-94EE9415E389}.Release|ARM.ActiveCfg = Release|Any CPU
		{0451BAEF-DF2E-4B98-8644-94EE9415E389}.Release|ARM.Build.0 = Release|Any CPU
		{0451BAEF-DF2E-4B98-8644-94EE9415E389}.Release|x64.ActiveCfg = Release|Any CPU
		{0451BAEF-DF2E-4B98-8644-94EE9415E389}.Release|x64.Build.0 = Release|Any CPU
		{0451BAEF-DF2E-4B98-8644-94EE9415E389}.Release|x86.ActiveCfg = Release|Any CPU
		{0451BAEF-DF2E-4B98-8644-94EE9415E389}.Release|x86.Build.0 = Release|Any CPU
		{8FEFE05D-37EF-4F61-925D-8806DA7A0E22}.Debug|Any CPU.ActiveCfg = Debug|Any CPU
		{8FEFE05D-37EF-4F61-925D-8806DA7A0E22}.Debug|Any CPU.Build.0 = Debug|Any CPU
		{8FEFE05D-37EF-4F61-925D-8806DA7A0E22}.Debug|ARM.ActiveCfg = Debug|Any CPU
		{8FEFE05D-37EF-4F61-925D-8806DA7A0E22}.Debug|ARM.Build.0 = Debug|Any CPU
		{8FEFE05D-37EF-4F61-925D-8806DA7A0E22}.Debug|x64.ActiveCfg = Debug|Any CPU
		{8FEFE05D-37EF-4F61-925D-8806DA7A0E22}.Debug|x64.Build.0 = Debug|Any CPU
		{8FEFE05D-37EF-4F61-925D-8806DA7A0E22}.Debug|x86.ActiveCfg = Debug|Any CPU
		{8FEFE05D-37EF-4F61-925D-8806DA7A0E22}.Debug|x86.Build.0 = Debug|Any CPU
		{8FEFE05D-37EF-4F61-925D-8806DA7A0E22}.Release|Any CPU.ActiveCfg = Release|Any CPU
		{8FEFE05D-37EF-4F61-925D-8806DA7A0E22}.Release|Any CPU.Build.0 = Release|Any CPU
		{8FEFE05D-37EF-4F61-925D-8806DA7A0E22}.Release|ARM.ActiveCfg = Release|Any CPU
		{8FEFE05D-37EF-4F61-925D-8806DA7A0E22}.Release|ARM.Build.0 = Release|Any CPU
		{8FEFE05D-37EF-4F61-925D-8806DA7A0E22}.Release|x64.ActiveCfg = Release|Any CPU
		{8FEFE05D-37EF-4F61-925D-8806DA7A0E22}.Release|x64.Build.0 = Release|Any CPU
		{8FEFE05D-37EF-4F61-925D-8806DA7A0E22}.Release|x86.ActiveCfg = Release|Any CPU
		{8FEFE05D-37EF-4F61-925D-8806DA7A0E22}.Release|x86.Build.0 = Release|Any CPU
		{FB527B62-138C-4689-A0BE-CEA0D008E03B}.Debug|Any CPU.ActiveCfg = Debug|Any CPU
		{FB527B62-138C-4689-A0BE-CEA0D008E03B}.Debug|Any CPU.Build.0 = Debug|Any CPU
		{FB527B62-138C-4689-A0BE-CEA0D008E03B}.Debug|Any CPU.Deploy.0 = Debug|Any CPU
		{FB527B62-138C-4689-A0BE-CEA0D008E03B}.Debug|ARM.ActiveCfg = Debug|Any CPU
		{FB527B62-138C-4689-A0BE-CEA0D008E03B}.Debug|ARM.Build.0 = Debug|Any CPU
		{FB527B62-138C-4689-A0BE-CEA0D008E03B}.Debug|ARM.Deploy.0 = Debug|Any CPU
		{FB527B62-138C-4689-A0BE-CEA0D008E03B}.Debug|x64.ActiveCfg = Debug|Any CPU
		{FB527B62-138C-4689-A0BE-CEA0D008E03B}.Debug|x64.Build.0 = Debug|Any CPU
		{FB527B62-138C-4689-A0BE-CEA0D008E03B}.Debug|x64.Deploy.0 = Debug|Any CPU
		{FB527B62-138C-4689-A0BE-CEA0D008E03B}.Debug|x86.ActiveCfg = Debug|Any CPU
		{FB527B62-138C-4689-A0BE-CEA0D008E03B}.Debug|x86.Build.0 = Debug|Any CPU
		{FB527B62-138C-4689-A0BE-CEA0D008E03B}.Debug|x86.Deploy.0 = Debug|Any CPU
		{FB527B62-138C-4689-A0BE-CEA0D008E03B}.Release|Any CPU.ActiveCfg = Release|Any CPU
		{FB527B62-138C-4689-A0BE-CEA0D008E03B}.Release|Any CPU.Build.0 = Release|Any CPU
		{FB527B62-138C-4689-A0BE-CEA0D008E03B}.Release|Any CPU.Deploy.0 = Release|Any CPU
		{FB527B62-138C-4689-A0BE-CEA0D008E03B}.Release|ARM.ActiveCfg = Release|Any CPU
		{FB527B62-138C-4689-A0BE-CEA0D008E03B}.Release|ARM.Build.0 = Release|Any CPU
		{FB527B62-138C-4689-A0BE-CEA0D008E03B}.Release|ARM.Deploy.0 = Release|Any CPU
		{FB527B62-138C-4689-A0BE-CEA0D008E03B}.Release|x64.ActiveCfg = Release|Any CPU
		{FB527B62-138C-4689-A0BE-CEA0D008E03B}.Release|x64.Build.0 = Release|Any CPU
		{FB527B62-138C-4689-A0BE-CEA0D008E03B}.Release|x64.Deploy.0 = Release|Any CPU
		{FB527B62-138C-4689-A0BE-CEA0D008E03B}.Release|x86.ActiveCfg = Release|Any CPU
		{FB527B62-138C-4689-A0BE-CEA0D008E03B}.Release|x86.Build.0 = Release|Any CPU
		{FB527B62-138C-4689-A0BE-CEA0D008E03B}.Release|x86.Deploy.0 = Release|Any CPU
		{11FDD187-B19C-405F-8488-77ECC5C718E2}.Debug|Any CPU.ActiveCfg = Debug|Any CPU
		{11FDD187-B19C-405F-8488-77ECC5C718E2}.Debug|Any CPU.Build.0 = Debug|Any CPU
		{11FDD187-B19C-405F-8488-77ECC5C718E2}.Debug|Any CPU.Deploy.0 = Debug|Any CPU
		{11FDD187-B19C-405F-8488-77ECC5C718E2}.Debug|ARM.ActiveCfg = Debug|Any CPU
		{11FDD187-B19C-405F-8488-77ECC5C718E2}.Debug|ARM.Build.0 = Debug|Any CPU
		{11FDD187-B19C-405F-8488-77ECC5C718E2}.Debug|ARM.Deploy.0 = Debug|Any CPU
		{11FDD187-B19C-405F-8488-77ECC5C718E2}.Debug|x64.ActiveCfg = Debug|Any CPU
		{11FDD187-B19C-405F-8488-77ECC5C718E2}.Debug|x64.Build.0 = Debug|Any CPU
		{11FDD187-B19C-405F-8488-77ECC5C718E2}.Debug|x64.Deploy.0 = Debug|Any CPU
		{11FDD187-B19C-405F-8488-77ECC5C718E2}.Debug|x86.ActiveCfg = Debug|Any CPU
		{11FDD187-B19C-405F-8488-77ECC5C718E2}.Debug|x86.Build.0 = Debug|Any CPU
		{11FDD187-B19C-405F-8488-77ECC5C718E2}.Debug|x86.Deploy.0 = Debug|Any CPU
		{11FDD187-B19C-405F-8488-77ECC5C718E2}.Release|Any CPU.ActiveCfg = Release|Any CPU
		{11FDD187-B19C-405F-8488-77ECC5C718E2}.Release|Any CPU.Build.0 = Release|Any CPU
		{11FDD187-B19C-405F-8488-77ECC5C718E2}.Release|Any CPU.Deploy.0 = Release|Any CPU
		{11FDD187-B19C-405F-8488-77ECC5C718E2}.Release|ARM.ActiveCfg = Release|Any CPU
		{11FDD187-B19C-405F-8488-77ECC5C718E2}.Release|ARM.Build.0 = Release|Any CPU
		{11FDD187-B19C-405F-8488-77ECC5C718E2}.Release|ARM.Deploy.0 = Release|Any CPU
		{11FDD187-B19C-405F-8488-77ECC5C718E2}.Release|x64.ActiveCfg = Release|Any CPU
		{11FDD187-B19C-405F-8488-77ECC5C718E2}.Release|x64.Build.0 = Release|Any CPU
		{11FDD187-B19C-405F-8488-77ECC5C718E2}.Release|x64.Deploy.0 = Release|Any CPU
		{11FDD187-B19C-405F-8488-77ECC5C718E2}.Release|x86.ActiveCfg = Release|Any CPU
		{11FDD187-B19C-405F-8488-77ECC5C718E2}.Release|x86.Build.0 = Release|Any CPU
		{11FDD187-B19C-405F-8488-77ECC5C718E2}.Release|x86.Deploy.0 = Release|Any CPU
	EndGlobalSection
	GlobalSection(SolutionProperties) = preSolution
		HideSolutionNode = FALSE
	EndGlobalSection
	GlobalSection(NestedProjects) = preSolution
		{FB527B62-138C-4689-A0BE-CEA0D008E03B} = {56E8324B-E1D1-4186-8A48-ACBE11DDCFFF}
		{11FDD187-B19C-405F-8488-77ECC5C718E2} = {56E8324B-E1D1-4186-8A48-ACBE11DDCFFF}
	EndGlobalSection
EndGlobal
