
Microsoft Visual Studio Solution File, Format Version 12.00
# Visual Studio 2013
VisualStudioVersion = 12.0.40629.0
MinimumVisualStudioVersion = 10.0.40219.1
Project("{FAE04EC0-301F-11D3-BF4B-00C04F79EFBC}") = "AzureIoTHubAmqpClient_GRPS_43", "AzureIoTHubAmqpClient_GRPS_43.csproj", "{431B0957-933E-487B-8FDA-16AB20917045}"
EndProject
Project("{2150E333-8FDC-42A3-9474-1A3956D46DE8}") = "samples", "samples", "{DA172FDE-2E3B-4492-AF66-34D600314DC0}"
EndProject
Project("{FAE04EC0-301F-11D3-BF4B-00C04F79EFBC}") = "MFDeviceClientAmqp.Gprs.Sample", "..\samples\MFDeviceClientAmqpSIM800HSample\MFDeviceClientAmqp.Gprs.Sample.csproj", "{A8C0F6FC-9B51-4B20-91D7-991B91D8390F}"
EndProject
Project("{FAE04EC0-301F-11D3-BF4B-00C04F79EFBC}") = "SIM800H_43", "..\..\..\..\dev\Eclo\Eclo.NetMF.SIM800H\SIM800H_43\SIM800H_43.csproj", "{FBAD3278-F64F-4529-BAD9-5D261681EE8B}"
EndProject
Project("{FAE04EC0-301F-11D3-BF4B-00C04F79EFBC}") = "Amqp.NetMF43.GprsSockets", "..\..\..\amqpnetlite\src\Amqp.NetMF43.GprsSockets.csproj", "{50984204-C4DE-400D-BC26-6D30E44EE547}"
EndProject
Global
	GlobalSection(SolutionConfigurationPlatforms) = preSolution
		Debug|Any CPU = Debug|Any CPU
		Release|Any CPU = Release|Any CPU
		ReleaseNugetPackage|Any CPU = ReleaseNugetPackage|Any CPU
		ReleaseNugetPackageGprsSockets|Any CPU = ReleaseNugetPackageGprsSockets|Any CPU
	EndGlobalSection
	GlobalSection(ProjectConfigurationPlatforms) = postSolution
		{431B0957-933E-487B-8FDA-16AB20917045}.Debug|Any CPU.ActiveCfg = Debug|Any CPU
		{431B0957-933E-487B-8FDA-16AB20917045}.Debug|Any CPU.Build.0 = Debug|Any CPU
		{431B0957-933E-487B-8FDA-16AB20917045}.Release|Any CPU.ActiveCfg = Release|Any CPU
		{431B0957-933E-487B-8FDA-16AB20917045}.Release|Any CPU.Build.0 = Release|Any CPU
		{431B0957-933E-487B-8FDA-16AB20917045}.ReleaseNugetPackage|Any CPU.ActiveCfg = ReleaseNugetPackage|Any CPU
		{431B0957-933E-487B-8FDA-16AB20917045}.ReleaseNugetPackage|Any CPU.Build.0 = ReleaseNugetPackage|Any CPU
		{431B0957-933E-487B-8FDA-16AB20917045}.ReleaseNugetPackageGprsSockets|Any CPU.ActiveCfg = ReleaseNugetPackageGprsSockets|Any CPU
		{431B0957-933E-487B-8FDA-16AB20917045}.ReleaseNugetPackageGprsSockets|Any CPU.Build.0 = ReleaseNugetPackageGprsSockets|Any CPU
		{A8C0F6FC-9B51-4B20-91D7-991B91D8390F}.Debug|Any CPU.ActiveCfg = Debug|Any CPU
		{A8C0F6FC-9B51-4B20-91D7-991B91D8390F}.Debug|Any CPU.Build.0 = Debug|Any CPU
		{A8C0F6FC-9B51-4B20-91D7-991B91D8390F}.Debug|Any CPU.Deploy.0 = Debug|Any CPU
		{A8C0F6FC-9B51-4B20-91D7-991B91D8390F}.Release|Any CPU.ActiveCfg = Release|Any CPU
		{A8C0F6FC-9B51-4B20-91D7-991B91D8390F}.Release|Any CPU.Build.0 = Release|Any CPU
		{A8C0F6FC-9B51-4B20-91D7-991B91D8390F}.Release|Any CPU.Deploy.0 = Release|Any CPU
		{A8C0F6FC-9B51-4B20-91D7-991B91D8390F}.ReleaseNugetPackage|Any CPU.ActiveCfg = Release|Any CPU
		{A8C0F6FC-9B51-4B20-91D7-991B91D8390F}.ReleaseNugetPackage|Any CPU.Build.0 = Release|Any CPU
		{A8C0F6FC-9B51-4B20-91D7-991B91D8390F}.ReleaseNugetPackage|Any CPU.Deploy.0 = Release|Any CPU
		{A8C0F6FC-9B51-4B20-91D7-991B91D8390F}.ReleaseNugetPackageGprsSockets|Any CPU.ActiveCfg = Release|Any CPU
		{A8C0F6FC-9B51-4B20-91D7-991B91D8390F}.ReleaseNugetPackageGprsSockets|Any CPU.Build.0 = Release|Any CPU
		{A8C0F6FC-9B51-4B20-91D7-991B91D8390F}.ReleaseNugetPackageGprsSockets|Any CPU.Deploy.0 = Release|Any CPU
		{FBAD3278-F64F-4529-BAD9-5D261681EE8B}.Debug|Any CPU.ActiveCfg = Debug|Any CPU
		{FBAD3278-F64F-4529-BAD9-5D261681EE8B}.Debug|Any CPU.Build.0 = Debug|Any CPU
		{FBAD3278-F64F-4529-BAD9-5D261681EE8B}.Release|Any CPU.ActiveCfg = Release|Any CPU
		{FBAD3278-F64F-4529-BAD9-5D261681EE8B}.Release|Any CPU.Build.0 = Release|Any CPU
		{FBAD3278-F64F-4529-BAD9-5D261681EE8B}.ReleaseNugetPackage|Any CPU.ActiveCfg = ReleaseNugetPackage|Any CPU
		{FBAD3278-F64F-4529-BAD9-5D261681EE8B}.ReleaseNugetPackage|Any CPU.Build.0 = ReleaseNugetPackage|Any CPU
		{FBAD3278-F64F-4529-BAD9-5D261681EE8B}.ReleaseNugetPackageGprsSockets|Any CPU.ActiveCfg = ReleaseNugetPackageGprsSockets|Any CPU
		{FBAD3278-F64F-4529-BAD9-5D261681EE8B}.ReleaseNugetPackageGprsSockets|Any CPU.Build.0 = ReleaseNugetPackageGprsSockets|Any CPU
		{50984204-C4DE-400D-BC26-6D30E44EE547}.Debug|Any CPU.ActiveCfg = Debug|Any CPU
		{50984204-C4DE-400D-BC26-6D30E44EE547}.Debug|Any CPU.Build.0 = Debug|Any CPU
		{50984204-C4DE-400D-BC26-6D30E44EE547}.Release|Any CPU.ActiveCfg = Release|Any CPU
		{50984204-C4DE-400D-BC26-6D30E44EE547}.Release|Any CPU.Build.0 = Release|Any CPU
		{50984204-C4DE-400D-BC26-6D30E44EE547}.ReleaseNugetPackage|Any CPU.ActiveCfg = Release|Any CPU
		{50984204-C4DE-400D-BC26-6D30E44EE547}.ReleaseNugetPackage|Any CPU.Build.0 = Release|Any CPU
		{50984204-C4DE-400D-BC26-6D30E44EE547}.ReleaseNugetPackageGprsSockets|Any CPU.ActiveCfg = Release|Any CPU
		{50984204-C4DE-400D-BC26-6D30E44EE547}.ReleaseNugetPackageGprsSockets|Any CPU.Build.0 = Release|Any CPU
	EndGlobalSection
	GlobalSection(SolutionProperties) = preSolution
		HideSolutionNode = FALSE
	EndGlobalSection
	GlobalSection(NestedProjects) = preSolution
		{A8C0F6FC-9B51-4B20-91D7-991B91D8390F} = {DA172FDE-2E3B-4492-AF66-34D600314DC0}
	EndGlobalSection
EndGlobal
